
Microsoft Visual Studio Solution File, Format Version 12.00
# Visual Studio 15
VisualStudioVersion = 15.0.26730.8
MinimumVisualStudioVersion = 10.0.40219.1
Project("{FAE04EC0-301F-11D3-BF4B-00C04F79EFBC}") = "Ecommerce", "Ecommerce\Ecommerce.csproj", "{16D7F679-50F4-42A1-A791-609C516DAB1A}"
EndProject
Project("{FAE04EC0-301F-11D3-BF4B-00C04F79EFBC}") = "Ecommerce.Api", "Ecommerce.Api\Ecommerce.Api.csproj", "{75316BCA-8BE7-44C7-983A-EC8CFC5A2BEB}"
EndProject
Project("{FAE04EC0-301F-11D3-BF4B-00C04F79EFBC}") = "Ecommerce.Business", "Ecommerce.Business\Ecommerce.Business.csproj", "{45943C9A-8BB4-4357-A013-D2ACE9C46FDF}"
EndProject
Project("{FAE04EC0-301F-11D3-BF4B-00C04F79EFBC}") = "Ecommerce.Model", "Ecommerce.Model\Ecommerce.Model.csproj", "{2C48775C-E1E8-4E72-A74C-DDF074305ACD}"
EndProject
Project("{FAE04EC0-301F-11D3-BF4B-00C04F79EFBC}") = "Ecommerce.Libraries", "Ecommerce.Libraries\Ecommerce.Libraries.csproj", "{3561BFE9-65A6-4CBD-9C65-E14BAF6CAD67}"
EndProject
Global
	GlobalSection(SolutionConfigurationPlatforms) = preSolution
		Debug|Any CPU = Debug|Any CPU
		Release|Any CPU = Release|Any CPU
	EndGlobalSection
	GlobalSection(ProjectConfigurationPlatforms) = postSolution
		{16D7F679-50F4-42A1-A791-609C516DAB1A}.Debug|Any CPU.ActiveCfg = Debug|Any CPU
		{16D7F679-50F4-42A1-A791-609C516DAB1A}.Debug|Any CPU.Build.0 = Debug|Any CPU
		{16D7F679-50F4-42A1-A791-609C516DAB1A}.Release|Any CPU.ActiveCfg = Release|Any CPU
		{16D7F679-50F4-42A1-A791-609C516DAB1A}.Release|Any CPU.Build.0 = Release|Any CPU
		{75316BCA-8BE7-44C7-983A-EC8CFC5A2BEB}.Debug|Any CPU.ActiveCfg = Debug|Any CPU
		{75316BCA-8BE7-44C7-983A-EC8CFC5A2BEB}.Debug|Any CPU.Build.0 = Debug|Any CPU
		{75316BCA-8BE7-44C7-983A-EC8CFC5A2BEB}.Release|Any CPU.ActiveCfg = Release|Any CPU
		{75316BCA-8BE7-44C7-983A-EC8CFC5A2BEB}.Release|Any CPU.Build.0 = Release|Any CPU
		{45943C9A-8BB4-4357-A013-D2ACE9C46FDF}.Debug|Any CPU.ActiveCfg = Debug|Any CPU
		{45943C9A-8BB4-4357-A013-D2ACE9C46FDF}.Debug|Any CPU.Build.0 = Debug|Any CPU
		{45943C9A-8BB4-4357-A013-D2ACE9C46FDF}.Release|Any CPU.ActiveCfg = Release|Any CPU
		{45943C9A-8BB4-4357-A013-D2ACE9C46FDF}.Release|Any CPU.Build.0 = Release|Any CPU
		{2C48775C-E1E8-4E72-A74C-DDF074305ACD}.Debug|Any CPU.ActiveCfg = Debug|Any CPU
		{2C48775C-E1E8-4E72-A74C-DDF074305ACD}.Debug|Any CPU.Build.0 = Debug|Any CPU
		{2C48775C-E1E8-4E72-A74C-DDF074305ACD}.Release|Any CPU.ActiveCfg = Release|Any CPU
		{2C48775C-E1E8-4E72-A74C-DDF074305ACD}.Release|Any CPU.Build.0 = Release|Any CPU
		{3561BFE9-65A6-4CBD-9C65-E14BAF6CAD67}.Debug|Any CPU.ActiveCfg = Debug|Any CPU
		{3561BFE9-65A6-4CBD-9C65-E14BAF6CAD67}.Debug|Any CPU.Build.0 = Debug|Any CPU
		{3561BFE9-65A6-4CBD-9C65-E14BAF6CAD67}.Release|Any CPU.ActiveCfg = Release|Any CPU
		{3561BFE9-65A6-4CBD-9C65-E14BAF6CAD67}.Release|Any CPU.Build.0 = Release|Any CPU
	EndGlobalSection
	GlobalSection(SolutionProperties) = preSolution
		HideSolutionNode = FALSE
	EndGlobalSection
	GlobalSection(ExtensibilityGlobals) = postSolution
		SolutionGuid = {22EA8105-84DB-490C-82A4-8A621754F73A}
	EndGlobalSection
EndGlobal
